
Microsoft Visual Studio Solution File, Format Version 12.00
# Visual Studio 15
Project("{F2A71F9B-5D33-465A-A702-920D77279786}") = "ParallelCalculator", "ParallelCalculator.fsproj", "{DEBD27DA-66CF-46A6-81CD-E32EF8EFA8A6}"
EndProject
Global
	GlobalSection(SolutionConfigurationPlatforms) = preSolution
		Debug|Any CPU = Debug|Any CPU
		Release|Any CPU = Release|Any CPU
	EndGlobalSection
	GlobalSection(ProjectConfigurationPlatforms) = postSolution
		{DEBD27DA-66CF-46A6-81CD-E32EF8EFA8A6}.Debug|Any CPU.ActiveCfg = Debug|Any CPU
		{DEBD27DA-66CF-46A6-81CD-E32EF8EFA8A6}.Debug|Any CPU.Build.0 = Debug|Any CPU
		{DEBD27DA-66CF-46A6-81CD-E32EF8EFA8A6}.Release|Any CPU.ActiveCfg = Release|Any CPU
		{DEBD27DA-66CF-46A6-81CD-E32EF8EFA8A6}.Release|Any CPU.Build.0 = Release|Any CPU
	EndGlobalSection
EndGlobal
